
Microsoft Visual Studio Solution File, Format Version 12.00
# Visual Studio Version 17
VisualStudioVersion = 17.14.37216.2
MinimumVisualStudioVersion = 10.0.40219.1
Project("{FAE04EC0-301F-11D3-BF4B-00C04F79EFBC}") = "MusteriDbConsoleApp", "MusteriDbConsoleApp\MusteriDbConsoleApp.csproj", "{5E1AF4BA-A5FD-4A9E-B1EE-B2DC06764FE7}"
EndProject
Project("{FAE04EC0-301F-11D3-BF4B-00C04F79EFBC}") = "MusteriDbWebApi", "MusteriDbWebApi\MusteriDbWebApi.csproj", "{C5B5BDCA-D21E-45A5-B7AF-A145C67E4667}"
EndProject
Global
	GlobalSection(SolutionConfigurationPlatforms) = preSolution
		Debug|Any CPU = Debug|Any CPU
		Release|Any CPU = Release|Any CPU
	EndGlobalSection
	GlobalSection(ProjectConfigurationPlatforms) = postSolution
		{5E1AF4BA-A5FD-4A9E-B1EE-B2DC06764FE7}.Debug|Any CPU.ActiveCfg = Debug|Any CPU
		{5E1AF4BA-A5FD-4A9E-B1EE-B2DC06764FE7}.Debug|Any CPU.Build.0 = Debug|Any CPU
		{5E1AF4BA-A5FD-4A9E-B1EE-B2DC06764FE7}.Release|Any CPU.ActiveCfg = Release|Any CPU
		{5E1AF4BA-A5FD-4A9E-B1EE-B2DC06764FE7}.Release|Any CPU.Build.0 = Release|Any CPU
		{C5B5BDCA-D21E-45A5-B7AF-A145C67E4667}.Debug|Any CPU.ActiveCfg = Debug|Any CPU
		{C5B5BDCA-D21E-45A5-B7AF-A145C67E4667}.Debug|Any CPU.Build.0 = Debug|Any CPU
		{C5B5BDCA-D21E-45A5-B7AF-A145C67E4667}.Release|Any CPU.ActiveCfg = Release|Any CPU
		{C5B5BDCA-D21E-45A5-B7AF-A145C67E4667}.Release|Any CPU.Build.0 = Release|Any CPU
	EndGlobalSection
	GlobalSection(SolutionProperties) = preSolution
		HideSolutionNode = FALSE
	EndGlobalSection
	GlobalSection(ExtensibilityGlobals) = postSolution
		SolutionGuid = {EE2C0137-65D9-4B7B-822F-8DAF7270E2F3}
	EndGlobalSection
EndGlobal
